
Microsoft Visual Studio Solution File, Format Version 12.00
# Visual Studio Version 17
VisualStudioVersion = 17.0.31903.59
MinimumVisualStudioVersion = 10.0.40219.1
Project("{FAE04EC0-301F-11D3-BF4B-00C04F79EFBC}") = "Hangman.UI", "Hangman.UI\Hangman.UI.csproj", "{49E08C57-5705-4A2C-BE33-CC205E96BD26}"
EndProject
Project("{FAE04EC0-301F-11D3-BF4B-00C04F79EFBC}") = "Hangman.Tests", "Hangman.Tests\Hangman.Tests.csproj", "{228F6E8C-CC51-47BA-9C25-7F0CA8A90EED}"
EndProject
Project("{FAE04EC0-301F-11D3-BF4B-00C04F79EFBC}") = "Hangman.BLL", "Hangman.BLL\Hangman.BLL.csproj", "{56408217-5F43-48E1-8740-11E19B245513}"
EndProject
Global
	GlobalSection(SolutionConfigurationPlatforms) = preSolution
		Debug|Any CPU = Debug|Any CPU
		Release|Any CPU = Release|Any CPU
	EndGlobalSection
	GlobalSection(SolutionProperties) = preSolution
		HideSolutionNode = FALSE
	EndGlobalSection
	GlobalSection(ProjectConfigurationPlatforms) = postSolution
		{49E08C57-5705-4A2C-BE33-CC205E96BD26}.Debug|Any CPU.ActiveCfg = Debug|Any CPU
		{49E08C57-5705-4A2C-BE33-CC205E96BD26}.Debug|Any CPU.Build.0 = Debug|Any CPU
		{49E08C57-5705-4A2C-BE33-CC205E96BD26}.Release|Any CPU.ActiveCfg = Release|Any CPU
		{49E08C57-5705-4A2C-BE33-CC205E96BD26}.Release|Any CPU.Build.0 = Release|Any CPU
		{228F6E8C-CC51-47BA-9C25-7F0CA8A90EED}.Debug|Any CPU.ActiveCfg = Debug|Any CPU
		{228F6E8C-CC51-47BA-9C25-7F0CA8A90EED}.Debug|Any CPU.Build.0 = Debug|Any CPU
		{228F6E8C-CC51-47BA-9C25-7F0CA8A90EED}.Release|Any CPU.ActiveCfg = Release|Any CPU
		{228F6E8C-CC51-47BA-9C25-7F0CA8A90EED}.Release|Any CPU.Build.0 = Release|Any CPU
		{56408217-5F43-48E1-8740-11E19B245513}.Debug|Any CPU.ActiveCfg = Debug|Any CPU
		{56408217-5F43-48E1-8740-11E19B245513}.Debug|Any CPU.Build.0 = Debug|Any CPU
		{56408217-5F43-48E1-8740-11E19B245513}.Release|Any CPU.ActiveCfg = Release|Any CPU
		{56408217-5F43-48E1-8740-11E19B245513}.Release|Any CPU.Build.0 = Release|Any CPU
	EndGlobalSection
EndGlobal
